
Microsoft Visual Studio Solution File, Format Version 12.00
# Visual Studio Version 16
VisualStudioVersion = 16.0.29123.88
MinimumVisualStudioVersion = 10.0.40219.1
Project("{FAE04EC0-301F-11D3-BF4B-00C04F79EFBC}") = "CalculateArea", "CalculateArea\CalculateArea.csproj", "{6764DB75-045A-462A-896D-E7150A08DE85}"
EndProject
Project("{FAE04EC0-301F-11D3-BF4B-00C04F79EFBC}") = "GravityCalculator", "GravityCalculator\GravityCalculator.csproj", "{21B4C2ED-21D7-4F86-9A72-FCAD10DE578E}"
EndProject
Project("{FAE04EC0-301F-11D3-BF4B-00C04F79EFBC}") = "Exercise 1", "Exercise 1\Exercise 1.csproj", "{C03EB595-6659-4A11-A569-6BEA16AFFC2C}"
EndProject
Project("{FAE04EC0-301F-11D3-BF4B-00C04F79EFBC}") = "Exercise 2", "Exercise 2\Exercise 2.csproj", "{06749A05-96BC-4E47-898B-DD1163FA1843}"
EndProject
Project("{FAE04EC0-301F-11D3-BF4B-00C04F79EFBC}") = "Exercise 4", "Exercise 4\Exercise 4.csproj", "{40ED86AF-0CD3-4DD4-A439-04A014934A6D}"
EndProject
Project("{FAE04EC0-301F-11D3-BF4B-00C04F79EFBC}") = "Exercise 5", "Exercise 5\Exercise 5.csproj", "{6A3808F6-CF9F-4247-8A80-14EB29FE95A2}"
EndProject
Project("{FAE04EC0-301F-11D3-BF4B-00C04F79EFBC}") = "Exercise 6", "Exercise 6\Exercise 6.csproj", "{43179074-73FB-4491-83CC-B3D860208F64}"
EndProject
Project("{FAE04EC0-301F-11D3-BF4B-00C04F79EFBC}") = "Exercise 8", "ConsoleApp1\Exercise 8.csproj", "{6E6DF55B-B042-456C-B9F9-0D4308D186DF}"
EndProject
Project("{FAE04EC0-301F-11D3-BF4B-00C04F79EFBC}") = "Exercise 9", "Exercise 9\Exercise 9.csproj", "{2CF04FC7-934F-451B-A659-DA80B6C01D33}"
EndProject
Project("{FAE04EC0-301F-11D3-BF4B-00C04F79EFBC}") = "Exercise 10", "Exercise 10\Exercise 10.csproj", "{93765282-6ED5-42CF-A8C1-AD7550F967C7}"
EndProject
Global
	GlobalSection(SolutionConfigurationPlatforms) = preSolution
		Debug|Any CPU = Debug|Any CPU
		Release|Any CPU = Release|Any CPU
	EndGlobalSection
	GlobalSection(ProjectConfigurationPlatforms) = postSolution
		{6764DB75-045A-462A-896D-E7150A08DE85}.Debug|Any CPU.ActiveCfg = Debug|Any CPU
		{6764DB75-045A-462A-896D-E7150A08DE85}.Debug|Any CPU.Build.0 = Debug|Any CPU
		{6764DB75-045A-462A-896D-E7150A08DE85}.Release|Any CPU.ActiveCfg = Release|Any CPU
		{6764DB75-045A-462A-896D-E7150A08DE85}.Release|Any CPU.Build.0 = Release|Any CPU
		{21B4C2ED-21D7-4F86-9A72-FCAD10DE578E}.Debug|Any CPU.ActiveCfg = Debug|Any CPU
		{21B4C2ED-21D7-4F86-9A72-FCAD10DE578E}.Debug|Any CPU.Build.0 = Debug|Any CPU
		{21B4C2ED-21D7-4F86-9A72-FCAD10DE578E}.Release|Any CPU.ActiveCfg = Release|Any CPU
		{21B4C2ED-21D7-4F86-9A72-FCAD10DE578E}.Release|Any CPU.Build.0 = Release|Any CPU
		{C03EB595-6659-4A11-A569-6BEA16AFFC2C}.Debug|Any CPU.ActiveCfg = Debug|Any CPU
		{C03EB595-6659-4A11-A569-6BEA16AFFC2C}.Debug|Any CPU.Build.0 = Debug|Any CPU
		{C03EB595-6659-4A11-A569-6BEA16AFFC2C}.Release|Any CPU.ActiveCfg = Release|Any CPU
		{C03EB595-6659-4A11-A569-6BEA16AFFC2C}.Release|Any CPU.Build.0 = Release|Any CPU
		{06749A05-96BC-4E47-898B-DD1163FA1843}.Debug|Any CPU.ActiveCfg = Debug|Any CPU
		{06749A05-96BC-4E47-898B-DD1163FA1843}.Debug|Any CPU.Build.0 = Debug|Any CPU
		{06749A05-96BC-4E47-898B-DD1163FA1843}.Release|Any CPU.ActiveCfg = Release|Any CPU
		{06749A05-96BC-4E47-898B-DD1163FA1843}.Release|Any CPU.Build.0 = Release|Any CPU
		{40ED86AF-0CD3-4DD4-A439-04A014934A6D}.Debug|Any CPU.ActiveCfg = Debug|Any CPU
		{40ED86AF-0CD3-4DD4-A439-04A014934A6D}.Debug|Any CPU.Build.0 = Debug|Any CPU
		{40ED86AF-0CD3-4DD4-A439-04A014934A6D}.Release|Any CPU.ActiveCfg = Release|Any CPU
		{40ED86AF-0CD3-4DD4-A439-04A014934A6D}.Release|Any CPU.Build.0 = Release|Any CPU
		{6A3808F6-CF9F-4247-8A80-14EB29FE95A2}.Debug|Any CPU.ActiveCfg = Debug|Any CPU
		{6A3808F6-CF9F-4247-8A80-14EB29FE95A2}.Debug|Any CPU.Build.0 = Debug|Any CPU
		{6A3808F6-CF9F-4247-8A80-14EB29FE95A2}.Release|Any CPU.ActiveCfg = Release|Any CPU
		{6A3808F6-CF9F-4247-8A80-14EB29FE95A2}.Release|Any CPU.Build.0 = Release|Any CPU
		{43179074-73FB-4491-83CC-B3D860208F64}.Debug|Any CPU.ActiveCfg = Debug|Any CPU
		{43179074-73FB-4491-83CC-B3D860208F64}.Debug|Any CPU.Build.0 = Debug|Any CPU
		{43179074-73FB-4491-83CC-B3D860208F64}.Release|Any CPU.ActiveCfg = Release|Any CPU
		{43179074-73FB-4491-83CC-B3D860208F64}.Release|Any CPU.Build.0 = Release|Any CPU
		{6E6DF55B-B042-456C-B9F9-0D4308D186DF}.Debug|Any CPU.ActiveCfg = Debug|Any CPU
		{6E6DF55B-B042-456C-B9F9-0D4308D186DF}.Debug|Any CPU.Build.0 = Debug|Any CPU
		{6E6DF55B-B042-456C-B9F9-0D4308D186DF}.Release|Any CPU.ActiveCfg = Release|Any CPU
		{6E6DF55B-B042-456C-B9F9-0D4308D186DF}.Release|Any CPU.Build.0 = Release|Any CPU
		{2CF04FC7-934F-451B-A659-DA80B6C01D33}.Debug|Any CPU.ActiveCfg = Debug|Any CPU
		{2CF04FC7-934F-451B-A659-DA80B6C01D33}.Debug|Any CPU.Build.0 = Debug|Any CPU
		{2CF04FC7-934F-451B-A659-DA80B6C01D33}.Release|Any CPU.ActiveCfg = Release|Any CPU
		{2CF04FC7-934F-451B-A659-DA80B6C01D33}.Release|Any CPU.Build.0 = Release|Any CPU
		{93765282-6ED5-42CF-A8C1-AD7550F967C7}.Debug|Any CPU.ActiveCfg = Debug|Any CPU
		{93765282-6ED5-42CF-A8C1-AD7550F967C7}.Debug|Any CPU.Build.0 = Debug|Any CPU
		{93765282-6ED5-42CF-A8C1-AD7550F967C7}.Release|Any CPU.ActiveCfg = Release|Any CPU
		{93765282-6ED5-42CF-A8C1-AD7550F967C7}.Release|Any CPU.Build.0 = Release|Any CPU
	EndGlobalSection
	GlobalSection(SolutionProperties) = preSolution
		HideSolutionNode = FALSE
	EndGlobalSection
	GlobalSection(ExtensibilityGlobals) = postSolution
		SolutionGuid = {22A75822-3C36-4529-B369-1F5A7653AD59}
	EndGlobalSection
EndGlobal
